
Microsoft Visual Studio Solution File, Format Version 12.00
# Visual Studio Version 17
VisualStudioVersion = 17.2.32519.379
MinimumVisualStudioVersion = 10.0.40219.1
Project("{FAE04EC0-301F-11D3-BF4B-00C04F79EFBC}") = "FinalGP", "FinalGP\FinalGP.csproj", "{005849E0-2B21-4BD4-A20B-D7C0F0E77F70}"
EndProject
Global
	GlobalSection(SolutionConfigurationPlatforms) = preSolution
		Debug|Any CPU = Debug|Any CPU
		Release|Any CPU = Release|Any CPU
	EndGlobalSection
	GlobalSection(ProjectConfigurationPlatforms) = postSolution
		{005849E0-2B21-4BD4-A20B-D7C0F0E77F70}.Debug|Any CPU.ActiveCfg = Debug|Any CPU
		{005849E0-2B21-4BD4-A20B-D7C0F0E77F70}.Debug|Any CPU.Build.0 = Debug|Any CPU
		{005849E0-2B21-4BD4-A20B-D7C0F0E77F70}.Release|Any CPU.ActiveCfg = Release|Any CPU
		{005849E0-2B21-4BD4-A20B-D7C0F0E77F70}.Release|Any CPU.Build.0 = Release|Any CPU
	EndGlobalSection
	GlobalSection(SolutionProperties) = preSolution
		HideSolutionNode = FALSE
	EndGlobalSection
	GlobalSection(ExtensibilityGlobals) = postSolution
		SolutionGuid = {98E552AE-2ABA-4BA9-9448-67376235EDE4}
	EndGlobalSection
EndGlobal
